// !$*UTF8*$!
{
	archiveVersion = 1;
	classes = {
	};
	objectVersion = 46;
	objects = {

/* Begin PBXBuildFile section */
		996CCCFC1B99C0480058BABC /* main.m in Sources */ = {isa = PBXBuildFile; fileRef = 996CCCFB1B99C0480058BABC /* main.m */; };
		996CCCFF1B99C0480058BABC /* AppDelegate.m in Sources */ = {isa = PBXBuildFile; fileRef = 996CCCFE1B99C0480058BABC /* AppDelegate.m */; };
		996CCD021B99C0480058BABC /* ViewController.m in Sources */ = {isa = PBXBuildFile; fileRef = 996CCD011B99C0480058BABC /* ViewController.m */; };
		996CCD071B99C0480058BABC /* Images.xcassets in Resources */ = {isa = PBXBuildFile; fileRef = 996CCD061B99C0480058BABC /* Images.xcassets */; };
		996CCD161B99C0480058BABC /* FoodPinTests.m in Sources */ = {isa = PBXBuildFile; fileRef = 996CCD151B99C0480058BABC /* FoodPinTests.m */; };
		996CCD251B99D73F0058BABC /* CustomTableViewCell.m in Sources */ = {isa = PBXBuildFile; fileRef = 996CCD231B99D73F0058BABC /* CustomTableViewCell.m */; };
		996CCD261B99D73F0058BABC /* CustomTableViewCell.xib in Resources */ = {isa = PBXBuildFile; fileRef = 996CCD241B99D73F0058BABC /* CustomTableViewCell.xib */; };
		996CCD291B99FA6F0058BABC /* Restaurant.m in Sources */ = {isa = PBXBuildFile; fileRef = 996CCD281B99FA6F0058BABC /* Restaurant.m */; };
		99700F2B1BA505CC0021E414 /* FoodPin.xcdatamodeld in Sources */ = {isa = PBXBuildFile; fileRef = 99700F291BA505CC0021E414 /* FoodPin.xcdatamodeld */; };
		99700F311BA54D680021E414 /* PageViewController.m in Sources */ = {isa = PBXBuildFile; fileRef = 99700F301BA54D680021E414 /* PageViewController.m */; };
		99700F371BA561260021E414 /* PageContentViewController.m in Sources */ = {isa = PBXBuildFile; fileRef = 99700F351BA561260021E414 /* PageContentViewController.m */; };
		99700F381BA561260021E414 /* PageContentViewController.xib in Resources */ = {isa = PBXBuildFile; fileRef = 99700F361BA561260021E414 /* PageContentViewController.xib */; };
		99700F3B1BA57A350021E414 /* AboutUsViewController.m in Sources */ = {isa = PBXBuildFile; fileRef = 99700F3A1BA57A350021E414 /* AboutUsViewController.m */; };
		99700F3E1BA57A440021E414 /* FeedViewController.m in Sources */ = {isa = PBXBuildFile; fileRef = 99700F3D1BA57A440021E414 /* FeedViewController.m */; };
		99700F411BA598A40021E414 /* WebViewController.m in Sources */ = {isa = PBXBuildFile; fileRef = 99700F401BA598A40021E414 /* WebViewController.m */; };
		997427111BA3D7AD0028CE03 /* ShareViewController.m in Sources */ = {isa = PBXBuildFile; fileRef = 997427101BA3D7AD0028CE03 /* ShareViewController.m */; };
		9976E40E1B9C977B00013022 /* DetailViewController.m in Sources */ = {isa = PBXBuildFile; fileRef = 9976E40D1B9C977B00013022 /* DetailViewController.m */; };
		9976E4121B9C9FD300013022 /* DetailTableViewCell.m in Sources */ = {isa = PBXBuildFile; fileRef = 9976E4101B9C9FD300013022 /* DetailTableViewCell.m */; };
		9976E4131B9C9FD300013022 /* DetailTableViewCell.xib in Resources */ = {isa = PBXBuildFile; fileRef = 9976E4111B9C9FD300013022 /* DetailTableViewCell.xib */; };
		998AB4E11BAC6B3700685166 /* LaunchScreen.storyboard in Resources */ = {isa = PBXBuildFile; fileRef = 998AB4E31BAC6B3700685166 /* LaunchScreen.storyboard */; };
		998D3A351BA1B6C60080E988 /* ReviewViewController.m in Sources */ = {isa = PBXBuildFile; fileRef = 998D3A341BA1B6C60080E988 /* ReviewViewController.m */; };
		99F17B571BA41EA200DC2102 /* MapKit.framework in Frameworks */ = {isa = PBXBuildFile; fileRef = 99F17B561BA41EA200DC2102 /* MapKit.framework */; };
		99F17B5A1BA429A100DC2102 /* MapViewController.m in Sources */ = {isa = PBXBuildFile; fileRef = 99F17B591BA429A100DC2102 /* MapViewController.m */; };
		99F9A8C71BA458E30024B029 /* AddTableViewController.m in Sources */ = {isa = PBXBuildFile; fileRef = 99F9A8C51BA458E30024B029 /* AddTableViewController.m */; };
		99F9A8C81BA458E30024B029 /* AddTableViewController.xib in Resources */ = {isa = PBXBuildFile; fileRef = 99F9A8C61BA458E30024B029 /* AddTableViewController.xib */; };
/* End PBXBuildFile section */

/* Begin PBXContainerItemProxy section */
		996CCD101B99C0480058BABC /* PBXContainerItemProxy */ = {
			isa = PBXContainerItemProxy;
			containerPortal = 996CCCEE1B99C0480058BABC /* Project object */;
			proxyType = 1;
			remoteGlobalIDString = 996CCCF51B99C0480058BABC;
			remoteInfo = FoodPin;
		};
/* End PBXContainerItemProxy section */

/* Begin PBXFileReference section */
		996CCCF61B99C0480058BABC /* FoodPin.app */ = {isa = PBXFileReference; explicitFileType = wrapper.application; includeInIndex = 0; path = FoodPin.app; sourceTree = BUILT_PRODUCTS_DIR; };
		996CCCFA1B99C0480058BABC /* Info.plist */ = {isa = PBXFileReference; lastKnownFileType = text.plist.xml; path = Info.plist; sourceTree = "<group>"; };
		996CCCFB1B99C0480058BABC /* main.m */ = {isa = PBXFileReference; lastKnownFileType = sourcecode.c.objc; path = main.m; sourceTree = "<group>"; };
		996CCCFD1B99C0480058BABC /* AppDelegate.h */ = {isa = PBXFileReference; lastKnownFileType = sourcecode.c.h; path = AppDelegate.h; sourceTree = "<group>"; };
		996CCCFE1B99C0480058BABC /* AppDelegate.m */ = {isa = PBXFileReference; lastKnownFileType = sourcecode.c.objc; path = AppDelegate.m; sourceTree = "<group>"; };
		996CCD001B99C0480058BABC /* ViewController.h */ = {isa = PBXFileReference; lastKnownFileType = sourcecode.c.h; path = ViewController.h; sourceTree = "<group>"; };
		996CCD011B99C0480058BABC /* ViewController.m */ = {isa = PBXFileReference; lastKnownFileType = sourcecode.c.objc; path = ViewController.m; sourceTree = "<group>"; };
		996CCD061B99C0480058BABC /* Images.xcassets */ = {isa = PBXFileReference; lastKnownFileType = folder.assetcatalog; path = Images.xcassets; sourceTree = "<group>"; };
		996CCD0F1B99C0480058BABC /* FoodPinTests.xctest */ = {isa = PBXFileReference; explicitFileType = wrapper.cfbundle; includeInIndex = 0; path = FoodPinTests.xctest; sourceTree = BUILT_PRODUCTS_DIR; };
		996CCD141B99C0480058BABC /* Info.plist */ = {isa = PBXFileReference; lastKnownFileType = text.plist.xml; path = Info.plist; sourceTree = "<group>"; };
		996CCD151B99C0480058BABC /* FoodPinTests.m */ = {isa = PBXFileReference; lastKnownFileType = sourcecode.c.objc; path = FoodPinTests.m; sourceTree = "<group>"; };
		996CCD221B99D73F0058BABC /* CustomTableViewCell.h */ = {isa = PBXFileReference; fileEncoding = 4; lastKnownFileType = sourcecode.c.h; path = CustomTableViewCell.h; sourceTree = "<group>"; };
		996CCD231B99D73F0058BABC /* CustomTableViewCell.m */ = {isa = PBXFileReference; fileEncoding = 4; lastKnownFileType = sourcecode.c.objc; path = CustomTableViewCell.m; sourceTree = "<group>"; };
		996CCD241B99D73F0058BABC /* CustomTableViewCell.xib */ = {isa = PBXFileReference; fileEncoding = 4; lastKnownFileType = file.xib; path = CustomTableViewCell.xib; sourceTree = "<group>"; };
		996CCD271B99FA6F0058BABC /* Restaurant.h */ = {isa = PBXFileReference; fileEncoding = 4; lastKnownFileType = sourcecode.c.h; path = Restaurant.h; sourceTree = "<group>"; };
		996CCD281B99FA6F0058BABC /* Restaurant.m */ = {isa = PBXFileReference; fileEncoding = 4; lastKnownFileType = sourcecode.c.objc; path = Restaurant.m; sourceTree = "<group>"; };
		99700F2A1BA505CC0021E414 /* FoodPin.xcdatamodel */ = {isa = PBXFileReference; lastKnownFileType = wrapper.xcdatamodel; path = FoodPin.xcdatamodel; sourceTree = "<group>"; };
		99700F2F1BA54D680021E414 /* PageViewController.h */ = {isa = PBXFileReference; fileEncoding = 4; lastKnownFileType = sourcecode.c.h; path = PageViewController.h; sourceTree = "<group>"; };
		99700F301BA54D680021E414 /* PageViewController.m */ = {isa = PBXFileReference; fileEncoding = 4; lastKnownFileType = sourcecode.c.objc; path = PageViewController.m; sourceTree = "<group>"; };
		99700F341BA561260021E414 /* PageContentViewController.h */ = {isa = PBXFileReference; fileEncoding = 4; lastKnownFileType = sourcecode.c.h; path = PageContentViewController.h; sourceTree = "<group>"; };
		99700F351BA561260021E414 /* PageContentViewController.m */ = {isa = PBXFileReference; fileEncoding = 4; lastKnownFileType = sourcecode.c.objc; path = PageContentViewController.m; sourceTree = "<group>"; };
		99700F361BA561260021E414 /* PageContentViewController.xib */ = {isa = PBXFileReference; fileEncoding = 4; lastKnownFileType = file.xib; path = PageContentViewController.xib; sourceTree = "<group>"; };
		99700F391BA57A350021E414 /* AboutUsViewController.h */ = {isa = PBXFileReference; fileEncoding = 4; lastKnownFileType = sourcecode.c.h; path = AboutUsViewController.h; sourceTree = "<group>"; };
		99700F3A1BA57A350021E414 /* AboutUsViewController.m */ = {isa = PBXFileReference; fileEncoding = 4; lastKnownFileType = sourcecode.c.objc; path = AboutUsViewController.m; sourceTree = "<group>"; };
		99700F3C1BA57A440021E414 /* FeedViewController.h */ = {isa = PBXFileReference; fileEncoding = 4; lastKnownFileType = sourcecode.c.h; path = FeedViewController.h; sourceTree = "<group>"; };
		99700F3D1BA57A440021E414 /* FeedViewController.m */ = {isa = PBXFileReference; fileEncoding = 4; lastKnownFileType = sourcecode.c.objc; path = FeedViewController.m; sourceTree = "<group>"; };
		99700F3F1BA598A40021E414 /* WebViewController.h */ = {isa = PBXFileReference; fileEncoding = 4; lastKnownFileType = sourcecode.c.h; path = WebViewController.h; sourceTree = "<group>"; };
		99700F401BA598A40021E414 /* WebViewController.m */ = {isa = PBXFileReference; fileEncoding = 4; lastKnownFileType = sourcecode.c.objc; path = WebViewController.m; sourceTree = "<group>"; };
		9974270F1BA3D7AD0028CE03 /* ShareViewController.h */ = {isa = PBXFileReference; fileEncoding = 4; lastKnownFileType = sourcecode.c.h; path = ShareViewController.h; sourceTree = "<group>"; };
		997427101BA3D7AD0028CE03 /* ShareViewController.m */ = {isa = PBXFileReference; fileEncoding = 4; lastKnownFileType = sourcecode.c.objc; path = ShareViewController.m; sourceTree = "<group>"; };
		9976E40C1B9C977B00013022 /* DetailViewController.h */ = {isa = PBXFileReference; fileEncoding = 4; lastKnownFileType = sourcecode.c.h; path = DetailViewController.h; sourceTree = "<group>"; };
		9976E40D1B9C977B00013022 /* DetailViewController.m */ = {isa = PBXFileReference; fileEncoding = 4; lastKnownFileType = sourcecode.c.objc; path = DetailViewController.m; sourceTree = "<group>"; };
		9976E40F1B9C9FD300013022 /* DetailTableViewCell.h */ = {isa = PBXFileReference; fileEncoding = 4; lastKnownFileType = sourcecode.c.h; path = DetailTableViewCell.h; sourceTree = "<group>"; };
		9976E4101B9C9FD300013022 /* DetailTableViewCell.m */ = {isa = PBXFileReference; fileEncoding = 4; lastKnownFileType = sourcecode.c.objc; path = DetailTableViewCell.m; sourceTree = "<group>"; };
		9976E4111B9C9FD300013022 /* DetailTableViewCell.xib */ = {isa = PBXFileReference; fileEncoding = 4; lastKnownFileType = file.xib; path = DetailTableViewCell.xib; sourceTree = "<group>"; };
		998AB4E21BAC6B3700685166 /* Base */ = {isa = PBXFileReference; lastKnownFileType = file.storyboard; name = Base; path = Base.lproj/LaunchScreen.storyboard; sourceTree = "<group>"; };
		998D3A331BA1B6C60080E988 /* ReviewViewController.h */ = {isa = PBXFileReference; fileEncoding = 4; lastKnownFileType = sourcecode.c.h; path = ReviewViewController.h; sourceTree = "<group>"; };
		998D3A341BA1B6C60080E988 /* ReviewViewController.m */ = {isa = PBXFileReference; fileEncoding = 4; lastKnownFileType = sourcecode.c.objc; path = ReviewViewController.m; sourceTree = "<group>"; };
		99F17B561BA41EA200DC2102 /* MapKit.framework */ = {isa = PBXFileReference; lastKnownFileType = wrapper.framework; name = MapKit.framework; path = System/Library/Frameworks/MapKit.framework; sourceTree = SDKROOT; };
		99F17B581BA429A100DC2102 /* MapViewController.h */ = {isa = PBXFileReference; fileEncoding = 4; lastKnownFileType = sourcecode.c.h; path = MapViewController.h; sourceTree = "<group>"; };
		99F17B591BA429A100DC2102 /* MapViewController.m */ = {isa = PBXFileReference; fileEncoding = 4; lastKnownFileType = sourcecode.c.objc; path = MapViewController.m; sourceTree = "<group>"; };
		99F9A8C41BA458E30024B029 /* AddTableViewController.h */ = {isa = PBXFileReference; fileEncoding = 4; lastKnownFileType = sourcecode.c.h; path = AddTableViewController.h; sourceTree = "<group>"; };
		99F9A8C51BA458E30024B029 /* AddTableViewController.m */ = {isa = PBXFileReference; fileEncoding = 4; lastKnownFileType = sourcecode.c.objc; path = AddTableViewController.m; sourceTree = "<group>"; };
		99F9A8C61BA458E30024B029 /* AddTableViewController.xib */ = {isa = PBXFileReference; fileEncoding = 4; lastKnownFileType = file.xib; path = AddTableViewController.xib; sourceTree = "<group>"; };
/* End PBXFileReference section */

/* Begin PBXFrameworksBuildPhase section */
		996CCCF31B99C0480058BABC /* Frameworks */ = {
			isa = PBXFrameworksBuildPhase;
			buildActionMask = 2147483647;
			files = (
				99F17B571BA41EA200DC2102 /* MapKit.framework in Frameworks */,
			);
			runOnlyForDeploymentPostprocessing = 0;
		};
		996CCD0C1B99C0480058BABC /* Frameworks */ = {
			isa = PBXFrameworksBuildPhase;
			buildActionMask = 2147483647;
			files = (
			);
			runOnlyForDeploymentPostprocessing = 0;
		};
/* End PBXFrameworksBuildPhase section */

/* Begin PBXGroup section */
		996CCCED1B99C0480058BABC = {
			isa = PBXGroup;
			children = (
				99F17B561BA41EA200DC2102 /* MapKit.framework */,
				996CCCF81B99C0480058BABC /* FoodPin */,
				996CCD121B99C0480058BABC /* FoodPinTests */,
				996CCCF71B99C0480058BABC /* Products */,
			);
			sourceTree = "<group>";
		};
		996CCCF71B99C0480058BABC /* Products */ = {
			isa = PBXGroup;
			children = (
				996CCCF61B99C0480058BABC /* FoodPin.app */,
				996CCD0F1B99C0480058BABC /* FoodPinTests.xctest */,
			);
			name = Products;
			sourceTree = "<group>";
		};
		996CCCF81B99C0480058BABC /* FoodPin */ = {
			isa = PBXGroup;
			children = (
				99F9A8C41BA458E30024B029 /* AddTableViewController.h */,
				99F9A8C51BA458E30024B029 /* AddTableViewController.m */,
				99F9A8C61BA458E30024B029 /* AddTableViewController.xib */,
				996CCCFD1B99C0480058BABC /* AppDelegate.h */,
				996CCCFE1B99C0480058BABC /* AppDelegate.m */,
				996CCD221B99D73F0058BABC /* CustomTableViewCell.h */,
				996CCD231B99D73F0058BABC /* CustomTableViewCell.m */,
				996CCD241B99D73F0058BABC /* CustomTableViewCell.xib */,
				9976E40F1B9C9FD300013022 /* DetailTableViewCell.h */,
				9976E4101B9C9FD300013022 /* DetailTableViewCell.m */,
				9976E4111B9C9FD300013022 /* DetailTableViewCell.xib */,
				9976E40C1B9C977B00013022 /* DetailViewController.h */,
				9976E40D1B9C977B00013022 /* DetailViewController.m */,
				99700F291BA505CC0021E414 /* FoodPin.xcdatamodeld */,
				996CCD061B99C0480058BABC /* Images.xcassets */,
				99F17B581BA429A100DC2102 /* MapViewController.h */,
				99F17B591BA429A100DC2102 /* MapViewController.m */,
				99700F2F1BA54D680021E414 /* PageViewController.h */,
				99700F301BA54D680021E414 /* PageViewController.m */,
				996CCD271B99FA6F0058BABC /* Restaurant.h */,
				996CCD281B99FA6F0058BABC /* Restaurant.m */,
				998D3A331BA1B6C60080E988 /* ReviewViewController.h */,
				998D3A341BA1B6C60080E988 /* ReviewViewController.m */,
				9974270F1BA3D7AD0028CE03 /* ShareViewController.h */,
				997427101BA3D7AD0028CE03 /* ShareViewController.m */,
				996CCCF91B99C0480058BABC /* Supporting Files */,
				996CCD001B99C0480058BABC /* ViewController.h */,
				996CCD011B99C0480058BABC /* ViewController.m */,
				99700F341BA561260021E414 /* PageContentViewController.h */,
				99700F351BA561260021E414 /* PageContentViewController.m */,
				99700F361BA561260021E414 /* PageContentViewController.xib */,
				99700F391BA57A350021E414 /* AboutUsViewController.h */,
				99700F3A1BA57A350021E414 /* AboutUsViewController.m */,
				99700F3C1BA57A440021E414 /* FeedViewController.h */,
				99700F3D1BA57A440021E414 /* FeedViewController.m */,
				99700F3F1BA598A40021E414 /* WebViewController.h */,
				99700F401BA598A40021E414 /* WebViewController.m */,
				998AB4E31BAC6B3700685166 /* LaunchScreen.storyboard */,
			);
			path = FoodPin;
			sourceTree = "<group>";
		};
		996CCCF91B99C0480058BABC /* Supporting Files */ = {
			isa = PBXGroup;
			children = (
				996CCCFA1B99C0480058BABC /* Info.plist */,
				996CCCFB1B99C0480058BABC /* main.m */,
			);
			name = "Supporting Files";
			sourceTree = "<group>";
		};
		996CCD121B99C0480058BABC /* FoodPinTests */ = {
			isa = PBXGroup;
			children = (
				996CCD151B99C0480058BABC /* FoodPinTests.m */,
				996CCD131B99C0480058BABC /* Supporting Files */,
			);
			path = FoodPinTests;
			sourceTree = "<group>";
		};
		996CCD131B99C0480058BABC /* Supporting Files */ = {
			isa = PBXGroup;
			children = (
				996CCD141B99C0480058BABC /* Info.plist */,
			);
			name = "Supporting Files";
			sourceTree = "<group>";
		};
/* End PBXGroup section */

/* Begin PBXNativeTarget section */
		996CCCF51B99C0480058BABC /* FoodPin */ = {
			isa = PBXNativeTarget;
			buildConfigurationList = 996CCD191B99C0480058BABC /* Build configuration list for PBXNativeTarget "FoodPin" */;
			buildPhases = (
				996CCCF21B99C0480058BABC /* Sources */,
				996CCCF31B99C0480058BABC /* Frameworks */,
				996CCCF41B99C0480058BABC /* Resources */,
			);
			buildRules = (
			);
			dependencies = (
			);
			name = FoodPin;
			productName = FoodPin;
			productReference = 996CCCF61B99C0480058BABC /* FoodPin.app */;
			productType = "com.apple.product-type.application";
		};
		996CCD0E1B99C0480058BABC /* FoodPinTests */ = {
			isa = PBXNativeTarget;
			buildConfigurationList = 996CCD1C1B99C0480058BABC /* Build configuration list for PBXNativeTarget "FoodPinTests" */;
			buildPhases = (
				996CCD0B1B99C0480058BABC /* Sources */,
				996CCD0C1B99C0480058BABC /* Frameworks */,
				996CCD0D1B99C0480058BABC /* Resources */,
			);
			buildRules = (
			);
			dependencies = (
				996CCD111B99C0480058BABC /* PBXTargetDependency */,
			);
			name = FoodPinTests;
			productName = FoodPinTests;
			productReference = 996CCD0F1B99C0480058BABC /* FoodPinTests.xctest */;
			productType = "com.apple.product-type.bundle.unit-test";
		};
/* End PBXNativeTarget section */

/* Begin PBXProject section */
		996CCCEE1B99C0480058BABC /* Project object */ = {
			isa = PBXProject;
			attributes = {
				LastUpgradeCheck = 0700;
				ORGANIZATIONNAME = "梅须白";
				TargetAttributes = {
					996CCCF51B99C0480058BABC = {
						CreatedOnToolsVersion = 6.4;
						DevelopmentTeam = YTTFS8XE7Z;
						SystemCapabilities = {
							com.apple.Maps.iOS = {
								enabled = 1;
							};
						};
					};
					996CCD0E1B99C0480058BABC = {
						CreatedOnToolsVersion = 6.4;
						TestTargetID = 996CCCF51B99C0480058BABC;
					};
				};
			};
			buildConfigurationList = 996CCCF11B99C0480058BABC /* Build configuration list for PBXProject "FoodPin" */;
			compatibilityVersion = "Xcode 3.2";
			developmentRegion = English;
			hasScannedForEncodings = 0;
			knownRegions = (
				en,
				Base,
			);
			mainGroup = 996CCCED1B99C0480058BABC;
			productRefGroup = 996CCCF71B99C0480058BABC /* Products */;
			projectDirPath = "";
			projectRoot = "";
			targets = (
				996CCCF51B99C0480058BABC /* FoodPin */,
				996CCD0E1B99C0480058BABC /* FoodPinTests */,
			);
		};
/* End PBXProject section */

/* Begin PBXResourcesBuildPhase section */
		996CCCF41B99C0480058BABC /* Resources */ = {
			isa = PBXResourcesBuildPhase;
			buildActionMask = 2147483647;
			files = (
				996CCD261B99D73F0058BABC /* CustomTableViewCell.xib in Resources */,
				9976E4131B9C9FD300013022 /* DetailTableViewCell.xib in Resources */,
				996CCD071B99C0480058BABC /* Images.xcassets in Resources */,
				998AB4E11BAC6B3700685166 /* LaunchScreen.storyboard in Resources */,
				99F9A8C81BA458E30024B029 /* AddTableViewController.xib in Resources */,
				99700F381BA561260021E414 /* PageContentViewController.xib in Resources */,
			);
			runOnlyForDeploymentPostprocessing = 0;
		};
		996CCD0D1B99C0480058BABC /* Resources */ = {
			isa = PBXResourcesBuildPhase;
			buildActionMask = 2147483647;
			files = (
			);
			runOnlyForDeploymentPostprocessing = 0;
		};
/* End PBXResourcesBuildPhase section */

/* Begin PBXSourcesBuildPhase section */
		996CCCF21B99C0480058BABC /* Sources */ = {
			isa = PBXSourcesBuildPhase;
			buildActionMask = 2147483647;
			files = (
				996CCD021B99C0480058BABC /* ViewController.m in Sources */,
				996CCD291B99FA6F0058BABC /* Restaurant.m in Sources */,
				99700F3E1BA57A440021E414 /* FeedViewController.m in Sources */,
				998D3A351BA1B6C60080E988 /* ReviewViewController.m in Sources */,
				996CCCFF1B99C0480058BABC /* AppDelegate.m in Sources */,
				99F9A8C71BA458E30024B029 /* AddTableViewController.m in Sources */,
				99700F3B1BA57A350021E414 /* AboutUsViewController.m in Sources */,
				996CCD251B99D73F0058BABC /* CustomTableViewCell.m in Sources */,
				99700F411BA598A40021E414 /* WebViewController.m in Sources */,
				996CCCFC1B99C0480058BABC /* main.m in Sources */,
				9976E40E1B9C977B00013022 /* DetailViewController.m in Sources */,
				99F17B5A1BA429A100DC2102 /* MapViewController.m in Sources */,
				99700F371BA561260021E414 /* PageContentViewController.m in Sources */,
				997427111BA3D7AD0028CE03 /* ShareViewController.m in Sources */,
				9976E4121B9C9FD300013022 /* DetailTableViewCell.m in Sources */,
				99700F2B1BA505CC0021E414 /* FoodPin.xcdatamodeld in Sources */,
				99700F311BA54D680021E414 /* PageViewController.m in Sources */,
			);
			runOnlyForDeploymentPostprocessing = 0;
		};
		996CCD0B1B99C0480058BABC /* Sources */ = {
			isa = PBXSourcesBuildPhase;
			buildActionMask = 2147483647;
			files = (
				996CCD161B99C0480058BABC /* FoodPinTests.m in Sources */,
			);
			runOnlyForDeploymentPostprocessing = 0;
		};
/* End PBXSourcesBuildPhase section */

/* Begin PBXTargetDependency section */
		996CCD111B99C0480058BABC /* PBXTargetDependency */ = {
			isa = PBXTargetDependency;
			target = 996CCCF51B99C0480058BABC /* FoodPin */;
			targetProxy = 996CCD101B99C0480058BABC /* PBXContainerItemProxy */;
		};
/* End PBXTargetDependency section */

/* Begin PBXVariantGroup section */
		998AB4E31BAC6B3700685166 /* LaunchScreen.storyboard */ = {
			isa = PBXVariantGroup;
			children = (
				998AB4E21BAC6B3700685166 /* Base */,
			);
			name = LaunchScreen.storyboard;
			sourceTree = "<group>";
		};
/* End PBXVariantGroup section */

/* Begin XCBuildConfiguration section */
		996CCD171B99C0480058BABC /* Debug */ = {
			isa = XCBuildConfiguration;
			buildSettings = {
				ALWAYS_SEARCH_USER_PATHS = NO;
				CLANG_CXX_LANGUAGE_STANDARD = "gnu++0x";
				CLANG_CXX_LIBRARY = "libc++";
				CLANG_ENABLE_MODULES = YES;
				CLANG_ENABLE_OBJC_ARC = YES;
				CLANG_WARN_BOOL_CONVERSION = YES;
				CLANG_WARN_CONSTANT_CONVERSION = YES;
				CLANG_WARN_DIRECT_OBJC_ISA_USAGE = YES_ERROR;
				CLANG_WARN_EMPTY_BODY = YES;
				CLANG_WARN_ENUM_CONVERSION = YES;
				CLANG_WARN_INT_CONVERSION = YES;
				CLANG_WARN_OBJC_ROOT_CLASS = YES_ERROR;
				CLANG_WARN_UNREACHABLE_CODE = YES;
				CLANG_WARN__DUPLICATE_METHOD_MATCH = YES;
				"CODE_SIGN_IDENTITY[sdk=iphoneos*]" = "iPhone Developer";
				COPY_PHASE_STRIP = NO;
				DEBUG_INFORMATION_FORMAT = "dwarf-with-dsym";
				ENABLE_STRICT_OBJC_MSGSEND = YES;
				ENABLE_TESTABILITY = YES;
				FRAMEWORK_SEARCH_PATHS = "";
				GCC_C_LANGUAGE_STANDARD = gnu99;
				GCC_DYNAMIC_NO_PIC = NO;
				GCC_NO_COMMON_BLOCKS = YES;
				GCC_OPTIMIZATION_LEVEL = 0;
				GCC_PREPROCESSOR_DEFINITIONS = (
					"DEBUG=1",
					"$(inherited)",
				);
				GCC_SYMBOLS_PRIVATE_EXTERN = NO;
				GCC_WARN_64_TO_32_BIT_CONVERSION = YES;
				GCC_WARN_ABOUT_RETURN_TYPE = YES_ERROR;
				GCC_WARN_UNDECLARED_SELECTOR = YES;
				GCC_WARN_UNINITIALIZED_AUTOS = YES_AGGRESSIVE;
				GCC_WARN_UNUSED_FUNCTION = YES;
				GCC_WARN_UNUSED_VARIABLE = YES;
				IPHONEOS_DEPLOYMENT_TARGET = 8.4;
				MTL_ENABLE_DEBUG_INFO = YES;
				ONLY_ACTIVE_ARCH = YES;
				SDKROOT = iphoneos;
			};
			name = Debug;
		};
		996CCD181B99C0480058BABC /* Release */ = {
			isa = XCBuildConfiguration;
			buildSettings = {
				ALWAYS_SEARCH_USER_PATHS = NO;
				CLANG_CXX_LANGUAGE_STANDARD = "gnu++0x";
				CLANG_CXX_LIBRARY = "libc++";
				CLANG_ENABLE_MODULES = YES;
				CLANG_ENABLE_OBJC_ARC = YES;
				CLANG_WARN_BOOL_CONVERSION = YES;
				CLANG_WARN_CONSTANT_CONVERSION = YES;
				CLANG_WARN_DIRECT_OBJC_ISA_USAGE = YES_ERROR;
				CLANG_WARN_EMPTY_BODY = YES;
				CLANG_WARN_ENUM_CONVERSION = YES;
				CLANG_WARN_INT_CONVERSION = YES;
				CLANG_WARN_OBJC_ROOT_CLASS = YES_ERROR;
				CLANG_WARN_UNREACHABLE_CODE = YES;
				CLANG_WARN__DUPLICATE_METHOD_MATCH = YES;
				"CODE_SIGN_IDENTITY[sdk=iphoneos*]" = "iPhone Developer";
				COPY_PHASE_STRIP = NO;
				DEBUG_INFORMATION_FORMAT = "dwarf-with-dsym";
				ENABLE_NS_ASSERTIONS = NO;
				ENABLE_STRICT_OBJC_MSGSEND = YES;
				FRAMEWORK_SEARCH_PATHS = "";
				GCC_C_LANGUAGE_STANDARD = gnu99;
				GCC_NO_COMMON_BLOCKS = YES;
				GCC_WARN_64_TO_32_BIT_CONVERSION = YES;
				GCC_WARN_ABOUT_RETURN_TYPE = YES_ERROR;
				GCC_WARN_UNDECLARED_SELECTOR = YES;
				GCC_WARN_UNINITIALIZED_AUTOS = YES_AGGRESSIVE;
				GCC_WARN_UNUSED_FUNCTION = YES;
				GCC_WARN_UNUSED_VARIABLE = YES;
				IPHONEOS_DEPLOYMENT_TARGET = 8.4;
				MTL_ENABLE_DEBUG_INFO = NO;
				SDKROOT = iphoneos;
				VALIDATE_PRODUCT = YES;
			};
			name = Release;
		};
		996CCD1A1B99C0480058BABC /* Debug */ = {
			isa = XCBuildConfiguration;
			buildSettings = {
				ASSETCATALOG_COMPILER_APPICON_NAME = AppIcon;
				CODE_SIGN_IDENTITY = "iPhone Developer";
				"CODE_SIGN_IDENTITY[sdk=iphoneos*]" = "iPhone Developer";
				FRAMEWORK_SEARCH_PATHS = "";
				INFOPLIST_FILE = FoodPin/Info.plist;
				LD_RUNPATH_SEARCH_PATHS = "$(inherited) @executable_path/Frameworks";
				PRODUCT_BUNDLE_IDENTIFIER = "uappx.cn.$(PRODUCT_NAME:rfc1034identifier)";
				PRODUCT_NAME = "$(TARGET_NAME)";
				PROVISIONING_PROFILE = "";
			};
			name = Debug;
		};
		996CCD1B1B99C0480058BABC /* Release */ = {
			isa = XCBuildConfiguration;
			buildSettings = {
				ASSETCATALOG_COMPILER_APPICON_NAME = AppIcon;
				CODE_SIGN_IDENTITY = "iPhone Developer";
				"CODE_SIGN_IDENTITY[sdk=iphoneos*]" = "iPhone Developer";
				FRAMEWORK_SEARCH_PATHS = "";
				INFOPLIST_FILE = FoodPin/Info.plist;
				LD_RUNPATH_SEARCH_PATHS = "$(inherited) @executable_path/Frameworks";
				PRODUCT_BUNDLE_IDENTIFIER = "uappx.cn.$(PRODUCT_NAME:rfc1034identifier)";
				PRODUCT_NAME = "$(TARGET_NAME)";
				PROVISIONING_PROFILE = "";
			};
			name = Release;
		};
		996CCD1D1B99C0480058BABC /* Debug */ = {
			isa = XCBuildConfiguration;
			buildSettings = {
				BUNDLE_LOADER = "$(TEST_HOST)";
				FRAMEWORK_SEARCH_PATHS = "$(inherited)";
				GCC_PREPROCESSOR_DEFINITIONS = (
					"DEBUG=1",
					"$(inherited)",
				);
				INFOPLIST_FILE = FoodPinTests/Info.plist;
				LD_RUNPATH_SEARCH_PATHS = "$(inherited) @executable_path/Frameworks @loader_path/Frameworks";
				PRODUCT_BUNDLE_IDENTIFIER = "uappx.cn.$(PRODUCT_NAME:rfc1034identifier)";
				PRODUCT_NAME = "$(TARGET_NAME)";
				TEST_HOST = "$(BUILT_PRODUCTS_DIR)/FoodPin.app/FoodPin";
			};
			name = Debug;
		};
		996CCD1E1B99C0480058BABC /* Release */ = {
			isa = XCBuildConfiguration;
			buildSettings = {
				BUNDLE_LOADER = "$(TEST_HOST)";
				FRAMEWORK_SEARCH_PATHS = "$(inherited)";
				INFOPLIST_FILE = FoodPinTests/Info.plist;
				LD_RUNPATH_SEARCH_PATHS = "$(inherited) @executable_path/Frameworks @loader_path/Frameworks";
				PRODUCT_BUNDLE_IDENTIFIER = "uappx.cn.$(PRODUCT_NAME:rfc1034identifier)";
				PRODUCT_NAME = "$(TARGET_NAME)";
				TEST_HOST = "$(BUILT_PRODUCTS_DIR)/FoodPin.app/FoodPin";
			};
			name = Release;
		};
/* End XCBuildConfiguration section */

/* Begin XCConfigurationList section */
		996CCCF11B99C0480058BABC /* Build configuration list for PBXProject "FoodPin" */ = {
			isa = XCConfigurationList;
			buildConfigurations = (
				996CCD171B99C0480058BABC /* Debug */,
				996CCD181B99C0480058BABC /* Release */,
			);
			defaultConfigurationIsVisible = 0;
			defaultConfigurationName = Release;
		};
		996CCD191B99C0480058BABC /* Build configuration list for PBXNativeTarget "FoodPin" */ = {
			isa = XCConfigurationList;
			buildConfigurations = (
				996CCD1A1B99C0480058BABC /* Debug */,
				996CCD1B1B99C0480058BABC /* Release */,
			);
			defaultConfigurationIsVisible = 0;
			defaultConfigurationName = Release;
		};
		996CCD1C1B99C0480058BABC /* Build configuration list for PBXNativeTarget "FoodPinTests" */ = {
			isa = XCConfigurationList;
			buildConfigurations = (
				996CCD1D1B99C0480058BABC /* Debug */,
				996CCD1E1B99C0480058BABC /* Release */,
			);
			defaultConfigurationIsVisible = 0;
			defaultConfigurationName = Release;
		};
/* End XCConfigurationList section */

/* Begin XCVersionGroup section */
		99700F291BA505CC0021E414 /* FoodPin.xcdatamodeld */ = {
			isa = XCVersionGroup;
			children = (
				99700F2A1BA505CC0021E414 /* FoodPin.xcdatamodel */,
			);
			currentVersion = 99700F2A1BA505CC0021E414 /* FoodPin.xcdatamodel */;
			path = FoodPin.xcdatamodeld;
			sourceTree = "<group>";
			versionGroupType = wrapper.xcdatamodel;
		};
/* End XCVersionGroup section */
	};
	rootObject = 996CCCEE1B99C0480058BABC /* Project object */;
}
